
Microsoft Visual Studio Solution File, Format Version 12.00
# Visual Studio 14
VisualStudioVersion = 14.0.25420.1
MinimumVisualStudioVersion = 10.0.40219.1
Project("{159641D6-6404-4A2A-AE62-294DE0FE8301}") = "Law9_1 _Move Payroll Data_All Records EM_QU", "Law9_1 _Move Payroll Data_All Records EM_QU\Law9_1 _Move Payroll Data_All Records EM_QU.dtproj", "{85966D25-B607-4D39-BED3-3803AA8CFA56}"
EndProject
Global
	GlobalSection(SolutionConfigurationPlatforms) = preSolution
		Development|Default = Development|Default
	EndGlobalSection
	GlobalSection(ProjectConfigurationPlatforms) = postSolution
		{85966D25-B607-4D39-BED3-3803AA8CFA56}.Development|Default.ActiveCfg = Development
		{85966D25-B607-4D39-BED3-3803AA8CFA56}.Development|Default.Build.0 = Development
	EndGlobalSection
	GlobalSection(SolutionProperties) = preSolution
		HideSolutionNode = FALSE
	EndGlobalSection
EndGlobal
