
Microsoft Visual Studio Solution File, Format Version 12.00
# Visual Studio 14
VisualStudioVersion = 14.0.25420.1
MinimumVisualStudioVersion = 10.0.40219.1
Project("{159641D6-6404-4A2A-AE62-294DE0FE8301}") = "Create_EDW_2022", "Create_EDW_2022\Create_EDW_2022.dtproj", "{2612684A-1331-4769-8F25-EBB11E6F22AF}"
EndProject
Global
	GlobalSection(SolutionConfigurationPlatforms) = preSolution
		Development|Default = Development|Default
	EndGlobalSection
	GlobalSection(ProjectConfigurationPlatforms) = postSolution
		{2612684A-1331-4769-8F25-EBB11E6F22AF}.Development|Default.ActiveCfg = Development
		{2612684A-1331-4769-8F25-EBB11E6F22AF}.Development|Default.Build.0 = Development
	EndGlobalSection
	GlobalSection(SolutionProperties) = preSolution
		HideSolutionNode = FALSE
	EndGlobalSection
EndGlobal
