
Microsoft Visual Studio Solution File, Format Version 12.00
# Visual Studio 14
VisualStudioVersion = 14.0.25420.1
MinimumVisualStudioVersion = 10.0.40219.1
Project("{159641D6-6404-4A2A-AE62-294DE0FE8301}") = "Crexport13019", "Crexport13019\Crexport13019.dtproj", "{5C1DB9BE-EB72-4AC6-9FC7-3E8646AE4788}"
EndProject
Global
	GlobalSection(SolutionConfigurationPlatforms) = preSolution
		Development|Default = Development|Default
	EndGlobalSection
	GlobalSection(ProjectConfigurationPlatforms) = postSolution
		{5C1DB9BE-EB72-4AC6-9FC7-3E8646AE4788}.Development|Default.ActiveCfg = Development
		{5C1DB9BE-EB72-4AC6-9FC7-3E8646AE4788}.Development|Default.Build.0 = Development
	EndGlobalSection
	GlobalSection(SolutionProperties) = preSolution
		HideSolutionNode = FALSE
	EndGlobalSection
EndGlobal
